
Microsoft Visual Studio Solution File, Format Version 12.00
# Visual Studio 15
Project("{FAE04EC0-301F-11D3-BF4B-00C04F79EFBC}") = "Assembly-CSharp", "Assembly-CSharp.csproj", "{7BA7602F-043C-A2CF-4B49-ED7F976DA0E2}"
EndProject
Project("{FAE04EC0-301F-11D3-BF4B-00C04F79EFBC}") = "Assembly-CSharp-firstpass", "Assembly-CSharp-firstpass.csproj", "{18E59AF0-9B87-5376-19D8-1B804F7A1E9A}"
EndProject
Project("{FAE04EC0-301F-11D3-BF4B-00C04F79EFBC}") = "Assembly-CSharp-Editor", "Assembly-CSharp-Editor.csproj", "{274CE7B8-24DC-7971-3F73-1424E4752BA2}"
EndProject
Global
	GlobalSection(SolutionConfigurationPlatforms) = preSolution
		Debug|Any CPU = Debug|Any CPU
		Release|Any CPU = Release|Any CPU
	EndGlobalSection
	GlobalSection(ProjectConfigurationPlatforms) = postSolution
		{7BA7602F-043C-A2CF-4B49-ED7F976DA0E2}.Debug|Any CPU.ActiveCfg = Debug|Any CPU
		{7BA7602F-043C-A2CF-4B49-ED7F976DA0E2}.Debug|Any CPU.Build.0 = Debug|Any CPU
		{7BA7602F-043C-A2CF-4B49-ED7F976DA0E2}.Release|Any CPU.ActiveCfg = Release|Any CPU
		{7BA7602F-043C-A2CF-4B49-ED7F976DA0E2}.Release|Any CPU.Build.0 = Release|Any CPU
		{18E59AF0-9B87-5376-19D8-1B804F7A1E9A}.Debug|Any CPU.ActiveCfg = Debug|Any CPU
		{18E59AF0-9B87-5376-19D8-1B804F7A1E9A}.Debug|Any CPU.Build.0 = Debug|Any CPU
		{18E59AF0-9B87-5376-19D8-1B804F7A1E9A}.Release|Any CPU.ActiveCfg = Release|Any CPU
		{18E59AF0-9B87-5376-19D8-1B804F7A1E9A}.Release|Any CPU.Build.0 = Release|Any CPU
		{274CE7B8-24DC-7971-3F73-1424E4752BA2}.Debug|Any CPU.ActiveCfg = Debug|Any CPU
		{274CE7B8-24DC-7971-3F73-1424E4752BA2}.Debug|Any CPU.Build.0 = Debug|Any CPU
		{274CE7B8-24DC-7971-3F73-1424E4752BA2}.Release|Any CPU.ActiveCfg = Release|Any CPU
		{274CE7B8-24DC-7971-3F73-1424E4752BA2}.Release|Any CPU.Build.0 = Release|Any CPU
	EndGlobalSection
	GlobalSection(SolutionProperties) = preSolution
		HideSolutionNode = FALSE
	EndGlobalSection
EndGlobal
